Microsoft Visual Studio Solution File, Format Version 12.00
# Visual Studio Version 17
VisualStudioVersion = 17.5.33627.172
MinimumVisualStudioVersion = 10.0.40219.1
Project("{9A19103F-16F7-4668-BE54-9A1E7A4F7556}") = "OngekiFumenEditor", "OngekiFumenEditor\OngekiFumenEditor.csproj", "{53376E13-B8F4-4B1D-B377-3E938623B3D1}"
EndProject
Project("{9A19103F-16F7-4668-BE54-9A1E7A4F7556}") = "Gemini", "Dependences\gemini\src\Gemini\Gemini.csproj", "{A005356B-D652-418D-A970-77E7B704F5F7}"
EndProject
Project("{9A19103F-16F7-4668-BE54-9A1E7A4F7556}") = "Gemini.Modules.Output", "Dependences\gemini\src\Gemini.Modules.Output\Gemini.Modules.Output.csproj", "{3EFBCDA7-ABC6-4E97-870C-AD73ED3628E5}"
EndProject
Project("{2150E333-8FDC-42A3-9474-1A3956D46DE8}") = "Solution Items", "Solution Items", "{573B7FD6-0B10-4C15-8AE2-B9D5A3F93618}"
	ProjectSection(SolutionItems) = preProject
		.editorconfig = .editorconfig
	EndProjectSection
EndProject
Project("{2150E333-8FDC-42A3-9474-1A3956D46DE8}") = "Dependences", "Dependences", "{52104FAE-CB77-4569-B3DC-4819A1BE2D34}"
EndProject
Project("{9A19103F-16F7-4668-BE54-9A1E7A4F7556}") = "SvgConverter", "Dependences\SvgToXaml\SvgConverter\SvgConverter.csproj", "{D1B291FE-A21B-4C27-930D-39CC2C963E13}"
EndProject
Project("{9A19103F-16F7-4668-BE54-9A1E7A4F7556}") = "MigratableSerializer", "Dependences\MigratableSerializer\MigratableSerializer\MigratableSerializer.csproj", "{7FD497E0-B0CB-4355-89F1-9C15442F5365}"
EndProject
Project("{9A19103F-16F7-4668-BE54-9A1E7A4F7556}") = "Polyline2DCSharp", "Dependences\Polyline2D.CSharp\Polyline2D.CSharp\Polyline2D.CSharp\Polyline2DCSharp.csproj", "{86C68215-16E1-44A6-96C0-A3969AB33743}"
EndProject
Project("{9A19103F-16F7-4668-BE54-9A1E7A4F7556}") = "Earcut", "Dependences\earcut.net\src\Earcut.csproj", "{67B3DEC6-6088-4E16-A653-FE59EEEBEE21}"
EndProject
Global
	GlobalSection(SolutionConfigurationPlatforms) = preSolution
		Debug|Any CPU = Debug|Any CPU
		Release|Any CPU = Release|Any CPU
	EndGlobalSection
	GlobalSection(ProjectConfigurationPlatforms) = postSolution
		{53376E13-B8F4-4B1D-B377-3E938623B3D1}.Debug|Any CPU.ActiveCfg = Debug|Any CPU
		{53376E13-B8F4-4B1D-B377-3E938623B3D1}.Debug|Any CPU.Build.0 = Debug|Any CPU
		{53376E13-B8F4-4B1D-B377-3E938623B3D1}.Release|Any CPU.ActiveCfg = Release|Any CPU
		{53376E13-B8F4-4B1D-B377-3E938623B3D1}.Release|Any CPU.Build.0 = Release|Any CPU
		{A005356B-D652-418D-A970-77E7B704F5F7}.Debug|Any CPU.ActiveCfg = Debug|Any CPU
		{A005356B-D652-418D-A970-77E7B704F5F7}.Debug|Any CPU.Build.0 = Debug|Any CPU
		{A005356B-D652-418D-A970-77E7B704F5F7}.Release|Any CPU.ActiveCfg = Release|Any CPU
		{A005356B-D652-418D-A970-77E7B704F5F7}.Release|Any CPU.Build.0 = Release|Any CPU
		{3EFBCDA7-ABC6-4E97-870C-AD73ED3628E5}.Debug|Any CPU.ActiveCfg = Debug|Any CPU
		{3EFBCDA7-ABC6-4E97-870C-AD73ED3628E5}.Debug|Any CPU.Build.0 = Debug|Any CPU
		{3EFBCDA7-ABC6-4E97-870C-AD73ED3628E5}.Release|Any CPU.ActiveCfg = Release|Any CPU
		{3EFBCDA7-ABC6-4E97-870C-AD73ED3628E5}.Release|Any CPU.Build.0 = Release|Any CPU
		{D1B291FE-A21B-4C27-930D-39CC2C963E13}.Debug|Any CPU.ActiveCfg = Debug|Any CPU
		{D1B291FE-A21B-4C27-930D-39CC2C963E13}.Debug|Any CPU.Build.0 = Debug|Any CPU
		{D1B291FE-A21B-4C27-930D-39CC2C963E13}.Release|Any CPU.ActiveCfg = Release|Any CPU
		{D1B291FE-A21B-4C27-930D-39CC2C963E13}.Release|Any CPU.Build.0 = Release|Any CPU
		{7FD497E0-B0CB-4355-89F1-9C15442F5365}.Debug|Any CPU.ActiveCfg = Debug|Any CPU
		{7FD497E0-B0CB-4355-89F1-9C15442F5365}.Debug|Any CPU.Build.0 = Debug|Any CPU
		{7FD497E0-B0CB-4355-89F1-9C15442F5365}.Release|Any CPU.ActiveCfg = Release|Any CPU
		{7FD497E0-B0CB-4355-89F1-9C15442F5365}.Release|Any CPU.Build.0 = Release|Any CPU
		{86C68215-16E1-44A6-96C0-A3969AB33743}.Debug|Any CPU.ActiveCfg = Debug|Any CPU
		{86C68215-16E1-44A6-96C0-A3969AB33743}.Debug|Any CPU.Build.0 = Debug|Any CPU
		{86C68215-16E1-44A6-96C0-A3969AB33743}.Release|Any CPU.ActiveCfg = Release|Any CPU
		{86C68215-16E1-44A6-96C0-A3969AB33743}.Release|Any CPU.Build.0 = Release|Any CPU
		{67B3DEC6-6088-4E16-A653-FE59EEEBEE21}.Debug|Any CPU.ActiveCfg = Debug|Any CPU
		{67B3DEC6-6088-4E16-A653-FE59EEEBEE21}.Debug|Any CPU.Build.0 = Debug|Any CPU
		{67B3DEC6-6088-4E16-A653-FE59EEEBEE21}.Release|Any CPU.ActiveCfg = Release|Any CPU
		{67B3DEC6-6088-4E16-A653-FE59EEEBEE21}.Release|Any CPU.Build.0 = Release|Any CPU
	EndGlobalSection
	GlobalSection(SolutionProperties) = preSolution
		HideSolutionNode = FALSE
	EndGlobalSection
	GlobalSection(NestedProjects) = preSolution
		{A005356B-D652-418D-A970-77E7B704F5F7} = {52104FAE-CB77-4569-B3DC-4819A1BE2D34}
		{3EFBCDA7-ABC6-4E97-870C-AD73ED3628E5} = {52104FAE-CB77-4569-B3DC-4819A1BE2D34}
		{D1B291FE-A21B-4C27-930D-39CC2C963E13} = {52104FAE-CB77-4569-B3DC-4819A1BE2D34}
		{7FD497E0-B0CB-4355-89F1-9C15442F5365} = {52104FAE-CB77-4569-B3DC-4819A1BE2D34}
		{86C68215-16E1-44A6-96C0-A3969AB33743} = {52104FAE-CB77-4569-B3DC-4819A1BE2D34}
		{67B3DEC6-6088-4E16-A653-FE59EEEBEE21} = {52104FAE-CB77-4569-B3DC-4819A1BE2D34}
	EndGlobalSection
	GlobalSection(ExtensibilityGlobals) = postSolution
		SolutionGuid = {4D0A040C-DC95-444E-A788-FDA822ED2244}
	EndGlobalSection
EndGlobal
