
Microsoft Visual Studio Solution File, Format Version 12.00
# Visual Studio Version 18
VisualStudioVersion = 18.6.11819.183 stable
MinimumVisualStudioVersion = 10.0.40219.1
Project("{9A19103F-16F7-4668-BE54-9A1E7A4F7556}") = "OngekiFumenEditor", "OngekiFumenEditor\OngekiFumenEditor.csproj", "{53376E13-B8F4-4B1D-B377-3E938623B3D1}"
EndProject
Project("{9A19103F-16F7-4668-BE54-9A1E7A4F7556}") = "Gemini", "Dependences\gemini\src\Gemini\Gemini.csproj", "{A005356B-D652-418D-A970-77E7B704F5F7}"
EndProject
Project("{9A19103F-16F7-4668-BE54-9A1E7A4F7556}") = "Gemini.Modules.Output", "Dependences\gemini\src\Gemini.Modules.Output\Gemini.Modules.Output.csproj", "{3EFBCDA7-ABC6-4E97-870C-AD73ED3628E5}"
EndProject
Project("{2150E333-8FDC-42A3-9474-1A3956D46DE8}") = "Solution Items", "Solution Items", "{573B7FD6-0B10-4C15-8AE2-B9D5A3F93618}"
    ProjectSection(SolutionItems) = preProject
        .editorconfig = .editorconfig
    EndProjectSection
EndProject
Project("{2150E333-8FDC-42A3-9474-1A3956D46DE8}") = "Dependences", "Dependences", "{52104FAE-CB77-4569-B3DC-4819A1BE2D34}"
EndProject
Project("{9A19103F-16F7-4668-BE54-9A1E7A4F7556}") = "SvgConverter", "Dependences\SvgToXaml\SvgConverter\SvgConverter.csproj", "{D1B291FE-A21B-4C27-930D-39CC2C963E13}"
EndProject
Project("{9A19103F-16F7-4668-BE54-9A1E7A4F7556}") = "MigratableSerializer", "Dependences\MigratableSerializer\MigratableSerializer\MigratableSerializer.csproj", "{7FD497E0-B0CB-4355-89F1-9C15442F5365}"
EndProject
Project("{9A19103F-16F7-4668-BE54-9A1E7A4F7556}") = "Polyline2DCSharp", "Dependences\Polyline2D.CSharp\Polyline2D.CSharp\Polyline2D.CSharp\Polyline2DCSharp.csproj", "{86C68215-16E1-44A6-96C0-A3969AB33743}"
EndProject
Project("{9A19103F-16F7-4668-BE54-9A1E7A4F7556}") = "Earcut", "Dependences\earcut.net\src\Earcut.csproj", "{67B3DEC6-6088-4E16-A653-FE59EEEBEE21}"
EndProject
Project("{2150E333-8FDC-42A3-9474-1A3956D46DE8}") = "Caliburn.Micro", "Caliburn.Micro", "{82CE841A-E849-4D7B-88EE-8CF31413059D}"
EndProject
Project("{9A19103F-16F7-4668-BE54-9A1E7A4F7556}") = "Caliburn.Micro.Core", "Dependences\gemini\Dependences\Caliburn.Micro\src\Caliburn.Micro.Core\Caliburn.Micro.Core.csproj", "{7974EB8C-7B73-4FA6-9321-B92993209075}"
EndProject
Project("{9A19103F-16F7-4668-BE54-9A1E7A4F7556}") = "Caliburn.Micro.Platform.Core", "Dependences\gemini\Dependences\Caliburn.Micro\src\Caliburn.Micro.Platform.Core\Caliburn.Micro.Platform.Core.csproj", "{5346F56D-89AD-41CB-B0A2-E51F42CE3D39}"
EndProject
Project("{9A19103F-16F7-4668-BE54-9A1E7A4F7556}") = "Caliburn.Micro.Platform", "Dependences\gemini\Dependences\Caliburn.Micro\src\Caliburn.Micro.Platform\Caliburn.Micro.Platform.csproj", "{8EC53E25-C1D3-4D46-907F-10FF64D70FD7}"
EndProject
Project("{FAE04EC0-301F-11D3-BF4B-00C04F79EFBC}") = "OngekiFumenEditor.CommandLine", "OngekiFumenEditor.CommandLine\OngekiFumenEditor.CommandLine.csproj", "{27A4738F-BE40-4037-A103-EF28FCEB4A82}"
EndProject
Project("{FAE04EC0-301F-11D3-BF4B-00C04F79EFBC}") = "OngekiFumenEditor.Benchmark", "OngekiFumenEditor.Benchmark\OngekiFumenEditor.Benchmark.csproj", "{A7AF4AF0-B8F7-18BF-0DE7-B7772F3419B9}"
EndProject
Project("{2150E333-8FDC-42A3-9474-1A3956D46DE8}") = "BuildTools", "BuildTools", "{B3B3AB16-01DF-4A57-9C47-4FC39964DD05}"
EndProject
Project("{9A19103F-16F7-4668-BE54-9A1E7A4F7556}") = "RecommendedScriptVerifier", "Tools\RecommendedScriptVerifier\RecommendedScriptVerifier.csproj", "{07D64AE7-64D0-4582-A0F3-10F424608B6E}"
EndProject
Global
    GlobalSection(SolutionConfigurationPlatforms) = preSolution
        Debug|Any CPU = Debug|Any CPU
        Debug|x64 = Debug|x64
        Debug|x86 = Debug|x86
        Release|Any CPU = Release|Any CPU
        Release|x64 = Release|x64
        Release|x86 = Release|x86
    EndGlobalSection
    GlobalSection(ProjectConfigurationPlatforms) = postSolution
        {53376E13-B8F4-4B1D-B377-3E938623B3D1}.Debug|Any CPU.ActiveCfg = Debug|Any CPU
        {53376E13-B8F4-4B1D-B377-3E938623B3D1}.Debug|Any CPU.Build.0 = Debug|Any CPU
        {53376E13-B8F4-4B1D-B377-3E938623B3D1}.Debug|x64.ActiveCfg = Debug|Any CPU
        {53376E13-B8F4-4B1D-B377-3E938623B3D1}.Debug|x64.Build.0 = Debug|Any CPU
        {53376E13-B8F4-4B1D-B377-3E938623B3D1}.Debug|x86.ActiveCfg = Debug|Any CPU
        {53376E13-B8F4-4B1D-B377-3E938623B3D1}.Debug|x86.Build.0 = Debug|Any CPU
        {53376E13-B8F4-4B1D-B377-3E938623B3D1}.Release|Any CPU.ActiveCfg = Release|Any CPU
        {53376E13-B8F4-4B1D-B377-3E938623B3D1}.Release|Any CPU.Build.0 = Release|Any CPU
        {53376E13-B8F4-4B1D-B377-3E938623B3D1}.Release|x64.ActiveCfg = Release|Any CPU
        {53376E13-B8F4-4B1D-B377-3E938623B3D1}.Release|x64.Build.0 = Release|Any CPU
        {53376E13-B8F4-4B1D-B377-3E938623B3D1}.Release|x86.ActiveCfg = Release|Any CPU
        {53376E13-B8F4-4B1D-B377-3E938623B3D1}.Release|x86.Build.0 = Release|Any CPU
        {A005356B-D652-418D-A970-77E7B704F5F7}.Debug|Any CPU.ActiveCfg = Debug|Any CPU
        {A005356B-D652-418D-A970-77E7B704F5F7}.Debug|Any CPU.Build.0 = Debug|Any CPU
        {A005356B-D652-418D-A970-77E7B704F5F7}.Debug|x64.ActiveCfg = Debug|Any CPU
        {A005356B-D652-418D-A970-77E7B704F5F7}.Debug|x64.Build.0 = Debug|Any CPU
        {A005356B-D652-418D-A970-77E7B704F5F7}.Debug|x86.ActiveCfg = Debug|Any CPU
        {A005356B-D652-418D-A970-77E7B704F5F7}.Debug|x86.Build.0 = Debug|Any CPU
        {A005356B-D652-418D-A970-77E7B704F5F7}.Release|Any CPU.ActiveCfg = Release|Any CPU
        {A005356B-D652-418D-A970-77E7B704F5F7}.Release|Any CPU.Build.0 = Release|Any CPU
        {A005356B-D652-418D-A970-77E7B704F5F7}.Release|x64.ActiveCfg = Release|Any CPU
        {A005356B-D652-418D-A970-77E7B704F5F7}.Release|x64.Build.0 = Release|Any CPU
        {A005356B-D652-418D-A970-77E7B704F5F7}.Release|x86.ActiveCfg = Release|Any CPU
        {A005356B-D652-418D-A970-77E7B704F5F7}.Release|x86.Build.0 = Release|Any CPU
        {3EFBCDA7-ABC6-4E97-870C-AD73ED3628E5}.Debug|Any CPU.ActiveCfg = Debug|Any CPU
        {3EFBCDA7-ABC6-4E97-870C-AD73ED3628E5}.Debug|Any CPU.Build.0 = Debug|Any CPU
        {3EFBCDA7-ABC6-4E97-870C-AD73ED3628E5}.Debug|x64.ActiveCfg = Debug|Any CPU
        {3EFBCDA7-ABC6-4E97-870C-AD73ED3628E5}.Debug|x64.Build.0 = Debug|Any CPU
        {3EFBCDA7-ABC6-4E97-870C-AD73ED3628E5}.Debug|x86.ActiveCfg = Debug|Any CPU
        {3EFBCDA7-ABC6-4E97-870C-AD73ED3628E5}.Debug|x86.Build.0 = Debug|Any CPU
        {3EFBCDA7-ABC6-4E97-870C-AD73ED3628E5}.Release|Any CPU.ActiveCfg = Release|Any CPU
        {3EFBCDA7-ABC6-4E97-870C-AD73ED3628E5}.Release|Any CPU.Build.0 = Release|Any CPU
        {3EFBCDA7-ABC6-4E97-870C-AD73ED3628E5}.Release|x64.ActiveCfg = Release|Any CPU
        {3EFBCDA7-ABC6-4E97-870C-AD73ED3628E5}.Release|x64.Build.0 = Release|Any CPU
        {3EFBCDA7-ABC6-4E97-870C-AD73ED3628E5}.Release|x86.ActiveCfg = Release|Any CPU
        {3EFBCDA7-ABC6-4E97-870C-AD73ED3628E5}.Release|x86.Build.0 = Release|Any CPU
        {D1B291FE-A21B-4C27-930D-39CC2C963E13}.Debug|Any CPU.ActiveCfg = Debug|Any CPU
        {D1B291FE-A21B-4C27-930D-39CC2C963E13}.Debug|Any CPU.Build.0 = Debug|Any CPU
        {D1B291FE-A21B-4C27-930D-39CC2C963E13}.Debug|x64.ActiveCfg = Debug|Any CPU
        {D1B291FE-A21B-4C27-930D-39CC2C963E13}.Debug|x64.Build.0 = Debug|Any CPU
        {D1B291FE-A21B-4C27-930D-39CC2C963E13}.Debug|x86.ActiveCfg = Debug|Any CPU
        {D1B291FE-A21B-4C27-930D-39CC2C963E13}.Debug|x86.Build.0 = Debug|Any CPU
        {D1B291FE-A21B-4C27-930D-39CC2C963E13}.Release|Any CPU.ActiveCfg = Release|Any CPU
        {D1B291FE-A21B-4C27-930D-39CC2C963E13}.Release|Any CPU.Build.0 = Release|Any CPU
        {D1B291FE-A21B-4C27-930D-39CC2C963E13}.Release|x64.ActiveCfg = Release|Any CPU
        {D1B291FE-A21B-4C27-930D-39CC2C963E13}.Release|x64.Build.0 = Release|Any CPU
        {D1B291FE-A21B-4C27-930D-39CC2C963E13}.Release|x86.ActiveCfg = Release|Any CPU
        {D1B291FE-A21B-4C27-930D-39CC2C963E13}.Release|x86.Build.0 = Release|Any CPU
        {7FD497E0-B0CB-4355-89F1-9C15442F5365}.Debug|Any CPU.ActiveCfg = Debug|Any CPU
        {7FD497E0-B0CB-4355-89F1-9C15442F5365}.Debug|Any CPU.Build.0 = Debug|Any CPU
        {7FD497E0-B0CB-4355-89F1-9C15442F5365}.Debug|x64.ActiveCfg = Debug|Any CPU
        {7FD497E0-B0CB-4355-89F1-9C15442F5365}.Debug|x64.Build.0 = Debug|Any CPU
        {7FD497E0-B0CB-4355-89F1-9C15442F5365}.Debug|x86.ActiveCfg = Debug|Any CPU
        {7FD497E0-B0CB-4355-89F1-9C15442F5365}.Debug|x86.Build.0 = Debug|Any CPU
        {7FD497E0-B0CB-4355-89F1-9C15442F5365}.Release|Any CPU.ActiveCfg = Release|Any CPU
        {7FD497E0-B0CB-4355-89F1-9C15442F5365}.Release|Any CPU.Build.0 = Release|Any CPU
        {7FD497E0-B0CB-4355-89F1-9C15442F5365}.Release|x64.ActiveCfg = Release|Any CPU
        {7FD497E0-B0CB-4355-89F1-9C15442F5365}.Release|x64.Build.0 = Release|Any CPU
        {7FD497E0-B0CB-4355-89F1-9C15442F5365}.Release|x86.ActiveCfg = Release|Any CPU
        {7FD497E0-B0CB-4355-89F1-9C15442F5365}.Release|x86.Build.0 = Release|Any CPU
        {86C68215-16E1-44A6-96C0-A3969AB33743}.Debug|Any CPU.ActiveCfg = Debug|Any CPU
        {86C68215-16E1-44A6-96C0-A3969AB33743}.Debug|Any CPU.Build.0 = Debug|Any CPU
        {86C68215-16E1-44A6-96C0-A3969AB33743}.Debug|x64.ActiveCfg = Debug|Any CPU
        {86C68215-16E1-44A6-96C0-A3969AB33743}.Debug|x64.Build.0 = Debug|Any CPU
        {86C68215-16E1-44A6-96C0-A3969AB33743}.Debug|x86.ActiveCfg = Debug|Any CPU
        {86C68215-16E1-44A6-96C0-A3969AB33743}.Debug|x86.Build.0 = Debug|Any CPU
        {86C68215-16E1-44A6-96C0-A3969AB33743}.Release|Any CPU.ActiveCfg = Release|Any CPU
        {86C68215-16E1-44A6-96C0-A3969AB33743}.Release|Any CPU.Build.0 = Release|Any CPU
        {86C68215-16E1-44A6-96C0-A3969AB33743}.Release|x64.ActiveCfg = Release|Any CPU
        {86C68215-16E1-44A6-96C0-A3969AB33743}.Release|x64.Build.0 = Release|Any CPU
        {86C68215-16E1-44A6-96C0-A3969AB33743}.Release|x86.ActiveCfg = Release|Any CPU
        {86C68215-16E1-44A6-96C0-A3969AB33743}.Release|x86.Build.0 = Release|Any CPU
        {67B3DEC6-6088-4E16-A653-FE59EEEBEE21}.Debug|Any CPU.ActiveCfg = Debug|Any CPU
        {67B3DEC6-6088-4E16-A653-FE59EEEBEE21}.Debug|Any CPU.Build.0 = Debug|Any CPU
        {67B3DEC6-6088-4E16-A653-FE59EEEBEE21}.Debug|x64.ActiveCfg = Debug|Any CPU
        {67B3DEC6-6088-4E16-A653-FE59EEEBEE21}.Debug|x64.Build.0 = Debug|Any CPU
        {67B3DEC6-6088-4E16-A653-FE59EEEBEE21}.Debug|x86.ActiveCfg = Debug|Any CPU
        {67B3DEC6-6088-4E16-A653-FE59EEEBEE21}.Debug|x86.Build.0 = Debug|Any CPU
        {67B3DEC6-6088-4E16-A653-FE59EEEBEE21}.Release|Any CPU.ActiveCfg = Release|Any CPU
        {67B3DEC6-6088-4E16-A653-FE59EEEBEE21}.Release|Any CPU.Build.0 = Release|Any CPU
        {67B3DEC6-6088-4E16-A653-FE59EEEBEE21}.Release|x64.ActiveCfg = Release|Any CPU
        {67B3DEC6-6088-4E16-A653-FE59EEEBEE21}.Release|x64.Build.0 = Release|Any CPU
        {67B3DEC6-6088-4E16-A653-FE59EEEBEE21}.Release|x86.ActiveCfg = Release|Any CPU
        {67B3DEC6-6088-4E16-A653-FE59EEEBEE21}.Release|x86.Build.0 = Release|Any CPU
        {7974EB8C-7B73-4FA6-9321-B92993209075}.Debug|Any CPU.ActiveCfg = Debug|Any CPU
        {7974EB8C-7B73-4FA6-9321-B92993209075}.Debug|Any CPU.Build.0 = Debug|Any CPU
        {7974EB8C-7B73-4FA6-9321-B92993209075}.Debug|x64.ActiveCfg = Debug|Any CPU
        {7974EB8C-7B73-4FA6-9321-B92993209075}.Debug|x64.Build.0 = Debug|Any CPU
        {7974EB8C-7B73-4FA6-9321-B92993209075}.Debug|x86.ActiveCfg = Debug|Any CPU
        {7974EB8C-7B73-4FA6-9321-B92993209075}.Debug|x86.Build.0 = Debug|Any CPU
        {7974EB8C-7B73-4FA6-9321-B92993209075}.Release|Any CPU.ActiveCfg = Release|Any CPU
        {7974EB8C-7B73-4FA6-9321-B92993209075}.Release|Any CPU.Build.0 = Release|Any CPU
        {7974EB8C-7B73-4FA6-9321-B92993209075}.Release|x64.ActiveCfg = Release|Any CPU
        {7974EB8C-7B73-4FA6-9321-B92993209075}.Release|x64.Build.0 = Release|Any CPU
        {7974EB8C-7B73-4FA6-9321-B92993209075}.Release|x86.ActiveCfg = Release|Any CPU
        {7974EB8C-7B73-4FA6-9321-B92993209075}.Release|x86.Build.0 = Release|Any CPU
        {5346F56D-89AD-41CB-B0A2-E51F42CE3D39}.Debug|Any CPU.ActiveCfg = Debug|Any CPU
        {5346F56D-89AD-41CB-B0A2-E51F42CE3D39}.Debug|Any CPU.Build.0 = Debug|Any CPU
        {5346F56D-89AD-41CB-B0A2-E51F42CE3D39}.Debug|x64.ActiveCfg = Debug|Any CPU
        {5346F56D-89AD-41CB-B0A2-E51F42CE3D39}.Debug|x64.Build.0 = Debug|Any CPU
        {5346F56D-89AD-41CB-B0A2-E51F42CE3D39}.Debug|x86.ActiveCfg = Debug|Any CPU
        {5346F56D-89AD-41CB-B0A2-E51F42CE3D39}.Debug|x86.Build.0 = Debug|Any CPU
        {5346F56D-89AD-41CB-B0A2-E51F42CE3D39}.Release|Any CPU.ActiveCfg = Release|Any CPU
        {5346F56D-89AD-41CB-B0A2-E51F42CE3D39}.Release|Any CPU.Build.0 = Release|Any CPU
        {5346F56D-89AD-41CB-B0A2-E51F42CE3D39}.Release|x64.ActiveCfg = Release|Any CPU
        {5346F56D-89AD-41CB-B0A2-E51F42CE3D39}.Release|x64.Build.0 = Release|Any CPU
        {5346F56D-89AD-41CB-B0A2-E51F42CE3D39}.Release|x86.ActiveCfg = Release|Any CPU
        {5346F56D-89AD-41CB-B0A2-E51F42CE3D39}.Release|x86.Build.0 = Release|Any CPU
        {8EC53E25-C1D3-4D46-907F-10FF64D70FD7}.Debug|Any CPU.ActiveCfg = Debug|Any CPU
        {8EC53E25-C1D3-4D46-907F-10FF64D70FD7}.Debug|Any CPU.Build.0 = Debug|Any CPU
        {8EC53E25-C1D3-4D46-907F-10FF64D70FD7}.Debug|x64.ActiveCfg = Debug|Any CPU
        {8EC53E25-C1D3-4D46-907F-10FF64D70FD7}.Debug|x64.Build.0 = Debug|Any CPU
        {8EC53E25-C1D3-4D46-907F-10FF64D70FD7}.Debug|x86.ActiveCfg = Debug|Any CPU
        {8EC53E25-C1D3-4D46-907F-10FF64D70FD7}.Debug|x86.Build.0 = Debug|Any CPU
        {8EC53E25-C1D3-4D46-907F-10FF64D70FD7}.Release|Any CPU.ActiveCfg = Release|Any CPU
        {8EC53E25-C1D3-4D46-907F-10FF64D70FD7}.Release|Any CPU.Build.0 = Release|Any CPU
        {8EC53E25-C1D3-4D46-907F-10FF64D70FD7}.Release|x64.ActiveCfg = Release|Any CPU
        {8EC53E25-C1D3-4D46-907F-10FF64D70FD7}.Release|x64.Build.0 = Release|Any CPU
        {8EC53E25-C1D3-4D46-907F-10FF64D70FD7}.Release|x86.ActiveCfg = Release|Any CPU
        {8EC53E25-C1D3-4D46-907F-10FF64D70FD7}.Release|x86.Build.0 = Release|Any CPU
        {27A4738F-BE40-4037-A103-EF28FCEB4A82}.Debug|Any CPU.ActiveCfg = Debug|Any CPU
        {27A4738F-BE40-4037-A103-EF28FCEB4A82}.Debug|Any CPU.Build.0 = Debug|Any CPU
        {27A4738F-BE40-4037-A103-EF28FCEB4A82}.Debug|x64.ActiveCfg = Debug|Any CPU
        {27A4738F-BE40-4037-A103-EF28FCEB4A82}.Debug|x64.Build.0 = Debug|Any CPU
        {27A4738F-BE40-4037-A103-EF28FCEB4A82}.Debug|x86.ActiveCfg = Debug|Any CPU
        {27A4738F-BE40-4037-A103-EF28FCEB4A82}.Debug|x86.Build.0 = Debug|Any CPU
        {27A4738F-BE40-4037-A103-EF28FCEB4A82}.Release|Any CPU.ActiveCfg = Release|Any CPU
        {27A4738F-BE40-4037-A103-EF28FCEB4A82}.Release|Any CPU.Build.0 = Release|Any CPU
        {27A4738F-BE40-4037-A103-EF28FCEB4A82}.Release|x64.ActiveCfg = Release|Any CPU
        {27A4738F-BE40-4037-A103-EF28FCEB4A82}.Release|x64.Build.0 = Release|Any CPU
        {27A4738F-BE40-4037-A103-EF28FCEB4A82}.Release|x86.ActiveCfg = Release|Any CPU
        {27A4738F-BE40-4037-A103-EF28FCEB4A82}.Release|x86.Build.0 = Release|Any CPU
        {A7AF4AF0-B8F7-18BF-0DE7-B7772F3419B9}.Debug|Any CPU.ActiveCfg = Debug|Any CPU
        {A7AF4AF0-B8F7-18BF-0DE7-B7772F3419B9}.Debug|Any CPU.Build.0 = Debug|Any CPU
        {A7AF4AF0-B8F7-18BF-0DE7-B7772F3419B9}.Debug|x64.ActiveCfg = Debug|Any CPU
        {A7AF4AF0-B8F7-18BF-0DE7-B7772F3419B9}.Debug|x64.Build.0 = Debug|Any CPU
        {A7AF4AF0-B8F7-18BF-0DE7-B7772F3419B9}.Debug|x86.ActiveCfg = Debug|Any CPU
        {A7AF4AF0-B8F7-18BF-0DE7-B7772F3419B9}.Debug|x86.Build.0 = Debug|Any CPU
        {A7AF4AF0-B8F7-18BF-0DE7-B7772F3419B9}.Release|Any CPU.ActiveCfg = Release|Any CPU
        {A7AF4AF0-B8F7-18BF-0DE7-B7772F3419B9}.Release|Any CPU.Build.0 = Release|Any CPU
        {A7AF4AF0-B8F7-18BF-0DE7-B7772F3419B9}.Release|x64.ActiveCfg = Release|Any CPU
        {A7AF4AF0-B8F7-18BF-0DE7-B7772F3419B9}.Release|x64.Build.0 = Release|Any CPU
        {A7AF4AF0-B8F7-18BF-0DE7-B7772F3419B9}.Release|x86.ActiveCfg = Release|Any CPU
        {A7AF4AF0-B8F7-18BF-0DE7-B7772F3419B9}.Release|x86.Build.0 = Release|Any CPU
        {07D64AE7-64D0-4582-A0F3-10F424608B6E}.Debug|Any CPU.ActiveCfg = Debug|Any CPU
        {07D64AE7-64D0-4582-A0F3-10F424608B6E}.Debug|Any CPU.Build.0 = Debug|Any CPU
        {07D64AE7-64D0-4582-A0F3-10F424608B6E}.Debug|x64.ActiveCfg = Debug|Any CPU
        {07D64AE7-64D0-4582-A0F3-10F424608B6E}.Debug|x64.Build.0 = Debug|Any CPU
        {07D64AE7-64D0-4582-A0F3-10F424608B6E}.Debug|x86.ActiveCfg = Debug|Any CPU
        {07D64AE7-64D0-4582-A0F3-10F424608B6E}.Debug|x86.Build.0 = Debug|Any CPU
        {07D64AE7-64D0-4582-A0F3-10F424608B6E}.Release|Any CPU.ActiveCfg = Release|Any CPU
        {07D64AE7-64D0-4582-A0F3-10F424608B6E}.Release|Any CPU.Build.0 = Release|Any CPU
        {07D64AE7-64D0-4582-A0F3-10F424608B6E}.Release|x64.ActiveCfg = Release|Any CPU
        {07D64AE7-64D0-4582-A0F3-10F424608B6E}.Release|x64.Build.0 = Release|Any CPU
        {07D64AE7-64D0-4582-A0F3-10F424608B6E}.Release|x86.ActiveCfg = Release|Any CPU
        {07D64AE7-64D0-4582-A0F3-10F424608B6E}.Release|x86.Build.0 = Release|Any CPU
    EndGlobalSection
    GlobalSection(SolutionProperties) = preSolution
        HideSolutionNode = FALSE
    EndGlobalSection
    GlobalSection(NestedProjects) = preSolution
        {A005356B-D652-418D-A970-77E7B704F5F7} = {52104FAE-CB77-4569-B3DC-4819A1BE2D34}
        {3EFBCDA7-ABC6-4E97-870C-AD73ED3628E5} = {52104FAE-CB77-4569-B3DC-4819A1BE2D34}
        {D1B291FE-A21B-4C27-930D-39CC2C963E13} = {52104FAE-CB77-4569-B3DC-4819A1BE2D34}
        {7FD497E0-B0CB-4355-89F1-9C15442F5365} = {52104FAE-CB77-4569-B3DC-4819A1BE2D34}
        {86C68215-16E1-44A6-96C0-A3969AB33743} = {52104FAE-CB77-4569-B3DC-4819A1BE2D34}
        {67B3DEC6-6088-4E16-A653-FE59EEEBEE21} = {52104FAE-CB77-4569-B3DC-4819A1BE2D34}
        {82CE841A-E849-4D7B-88EE-8CF31413059D} = {52104FAE-CB77-4569-B3DC-4819A1BE2D34}
        {7974EB8C-7B73-4FA6-9321-B92993209075} = {82CE841A-E849-4D7B-88EE-8CF31413059D}
        {5346F56D-89AD-41CB-B0A2-E51F42CE3D39} = {82CE841A-E849-4D7B-88EE-8CF31413059D}
        {8EC53E25-C1D3-4D46-907F-10FF64D70FD7} = {82CE841A-E849-4D7B-88EE-8CF31413059D}
        {07D64AE7-64D0-4582-A0F3-10F424608B6E} = {B3B3AB16-01DF-4A57-9C47-4FC39964DD05}
    EndGlobalSection
    GlobalSection(ExtensibilityGlobals) = postSolution
        SolutionGuid = {4D0A040C-DC95-444E-A788-FDA822ED2244}
    EndGlobalSection
EndGlobal
