Microsoft Visual Studio Solution File, Format Version 12.00
# Visual Studio Version 17
VisualStudioVersion = 17.0.32126.317
MinimumVisualStudioVersion = 10.0.40219.1
Project("{9A19103F-16F7-4668-BE54-9A1E7A4F7556}") = "OngekiFumenEditor", "OngekiFumenEditor\OngekiFumenEditor.csproj", "{53376E13-B8F4-4B1D-B377-3E938623B3D1}"
EndProject
Project("{9A19103F-16F7-4668-BE54-9A1E7A4F7556}") = "Gemini", "gemini\src\Gemini\Gemini.csproj", "{A005356B-D652-418D-A970-77E7B704F5F7}"
EndProject
Project("{9A19103F-16F7-4668-BE54-9A1E7A4F7556}") = "Gemini.Modules.Output", "gemini\src\Gemini.Modules.Output\Gemini.Modules.Output.csproj", "{3EFBCDA7-ABC6-4E97-870C-AD73ED3628E5}"
EndProject
Project("{9A19103F-16F7-4668-BE54-9A1E7A4F7556}") = "Test", "Test\Test.csproj", "{C6C1204B-1881-4B1E-9726-770A7591DDAC}"
EndProject
Project("{2150E333-8FDC-42A3-9474-1A3956D46DE8}") = "Solution Items", "Solution Items", "{573B7FD6-0B10-4C15-8AE2-B9D5A3F93618}"
	ProjectSection(SolutionItems) = preProject
		.editorconfig = .editorconfig
	EndProjectSection
EndProject
Global
	GlobalSection(SolutionConfigurationPlatforms) = preSolution
		Debug|Any CPU = Debug|Any CPU
		Release|Any CPU = Release|Any CPU
	EndGlobalSection
	GlobalSection(ProjectConfigurationPlatforms) = postSolution
		{53376E13-B8F4-4B1D-B377-3E938623B3D1}.Debug|Any CPU.ActiveCfg = Debug|Any CPU
		{53376E13-B8F4-4B1D-B377-3E938623B3D1}.Debug|Any CPU.Build.0 = Debug|Any CPU
		{53376E13-B8F4-4B1D-B377-3E938623B3D1}.Release|Any CPU.ActiveCfg = Release|Any CPU
		{53376E13-B8F4-4B1D-B377-3E938623B3D1}.Release|Any CPU.Build.0 = Release|Any CPU
		{A005356B-D652-418D-A970-77E7B704F5F7}.Debug|Any CPU.ActiveCfg = Debug|Any CPU
		{A005356B-D652-418D-A970-77E7B704F5F7}.Debug|Any CPU.Build.0 = Debug|Any CPU
		{A005356B-D652-418D-A970-77E7B704F5F7}.Release|Any CPU.ActiveCfg = Release|Any CPU
		{A005356B-D652-418D-A970-77E7B704F5F7}.Release|Any CPU.Build.0 = Release|Any CPU
		{3EFBCDA7-ABC6-4E97-870C-AD73ED3628E5}.Debug|Any CPU.ActiveCfg = Debug|Any CPU
		{3EFBCDA7-ABC6-4E97-870C-AD73ED3628E5}.Debug|Any CPU.Build.0 = Debug|Any CPU
		{3EFBCDA7-ABC6-4E97-870C-AD73ED3628E5}.Release|Any CPU.ActiveCfg = Release|Any CPU
		{3EFBCDA7-ABC6-4E97-870C-AD73ED3628E5}.Release|Any CPU.Build.0 = Release|Any CPU
		{C6C1204B-1881-4B1E-9726-770A7591DDAC}.Debug|Any CPU.ActiveCfg = Debug|Any CPU
		{C6C1204B-1881-4B1E-9726-770A7591DDAC}.Debug|Any CPU.Build.0 = Debug|Any CPU
		{C6C1204B-1881-4B1E-9726-770A7591DDAC}.Release|Any CPU.ActiveCfg = Release|Any CPU
		{C6C1204B-1881-4B1E-9726-770A7591DDAC}.Release|Any CPU.Build.0 = Release|Any CPU
	EndGlobalSection
	GlobalSection(SolutionProperties) = preSolution
		HideSolutionNode = FALSE
	EndGlobalSection
	GlobalSection(ExtensibilityGlobals) = postSolution
		SolutionGuid = {4D0A040C-DC95-444E-A788-FDA822ED2244}
	EndGlobalSection
EndGlobal
