
Microsoft Visual Studio Solution File, Format Version 12.00
# Visual Studio Version 18
VisualStudioVersion = 18.1.11312.151 d18.0
MinimumVisualStudioVersion = 10.0.40219.1
Project("{2150E333-8FDC-42A3-9474-1A3956D46DE8}") = "Dependencies", "Dependencies", "{609F40C5-C560-40E6-76C7-691311A42DF0}"
EndProject
Project("{2150E333-8FDC-42A3-9474-1A3956D46DE8}") = "Gekimini.Avalonia", "Gekimini.Avalonia", "{06DA4F5D-E1E2-E723-E485-3371C7318372}"
EndProject
Project("{2150E333-8FDC-42A3-9474-1A3956D46DE8}") = "Iciclecreek.Avalonia.WindowManager", "Iciclecreek.Avalonia.WindowManager", "{4B186064-F0D7-092B-4F67-A32B0297B8F6}"
EndProject
Project("{FAE04EC0-301F-11D3-BF4B-00C04F79EFBC}") = "Iciclecreek.Avalonia.WindowManager", "Dependencies\Gekimini.Avalonia\Dependencies\Iciclecreek.Avalonia.WindowManager\source\Iciclecreek.Avalonia.WindowManager\Iciclecreek.Avalonia.WindowManager.csproj", "{2B3D81E2-9D65-4AB3-9F85-1AC9B5BED370}"
EndProject
Project("{FAE04EC0-301F-11D3-BF4B-00C04F79EFBC}") = "Gekimini.Avalonia.Attributes", "Dependencies\Gekimini.Avalonia\src\Gekimini.Avalonia.Attributes\Gekimini.Avalonia.Attributes.csproj", "{B95E56AB-CAE4-47C8-BAAD-AFC4528B42EE}"
EndProject
Project("{FAE04EC0-301F-11D3-BF4B-00C04F79EFBC}") = "Gekimini.Avalonia.Generator", "Dependencies\Gekimini.Avalonia\src\Gekimini.Avalonia.Generator\Gekimini.Avalonia.Generator.csproj", "{B0165D49-950A-454B-BBFD-3C52620FDD75}"
EndProject
Project("{FAE04EC0-301F-11D3-BF4B-00C04F79EFBC}") = "Gekimini.Avalonia", "Dependencies\Gekimini.Avalonia\src\Gekimini.Avalonia\Gekimini.Avalonia.csproj", "{BD64A90A-0EDA-4259-B3BF-9C1C6B91DC21}"
EndProject
Project("{2150E333-8FDC-42A3-9474-1A3956D46DE8}") = "Dock", "Dock", "{88B176E0-4CEE-E25A-90A9-A7DA7915E590}"
EndProject
Project("{FAE04EC0-301F-11D3-BF4B-00C04F79EFBC}") = "Dock.Avalonia.Diagnostics", "Dependencies\Gekimini.Avalonia\Dependencies\Dock\src\Dock.Avalonia.Diagnostics\Dock.Avalonia.Diagnostics.csproj", "{7A48CE73-14A2-44AF-9AE7-41E5C31814DA}"
EndProject
Project("{FAE04EC0-301F-11D3-BF4B-00C04F79EFBC}") = "Dock.Avalonia", "Dependencies\Gekimini.Avalonia\Dependencies\Dock\src\Dock.Avalonia\Dock.Avalonia.csproj", "{A7282364-7124-41A2-B74E-C4102058709D}"
EndProject
Project("{FAE04EC0-301F-11D3-BF4B-00C04F79EFBC}") = "Dock.Controls.ProportionalStackPanel", "Dependencies\Gekimini.Avalonia\Dependencies\Dock\src\Dock.Controls.ProportionalStackPanel\Dock.Controls.ProportionalStackPanel.csproj", "{387E932E-76B4-449B-9A85-954CE5B91954}"
EndProject
Project("{FAE04EC0-301F-11D3-BF4B-00C04F79EFBC}") = "Dock.Controls.Recycling", "Dependencies\Gekimini.Avalonia\Dependencies\Dock\src\Dock.Controls.Recycling\Dock.Controls.Recycling.csproj", "{CAEEB0B4-7F08-4E69-A49D-0FBD73863BDF}"
EndProject
Project("{FAE04EC0-301F-11D3-BF4B-00C04F79EFBC}") = "Dock.Controls.Recycling.Model", "Dependencies\Gekimini.Avalonia\Dependencies\Dock\src\Dock.Controls.Recycling.Model\Dock.Controls.Recycling.Model.csproj", "{86526B01-470B-454D-AA18-4382D0CAB19F}"
EndProject
Project("{FAE04EC0-301F-11D3-BF4B-00C04F79EFBC}") = "Dock.MarkupExtension", "Dependencies\Gekimini.Avalonia\Dependencies\Dock\src\Dock.MarkupExtension\Dock.MarkupExtension.csproj", "{C23773B6-97B9-49AA-B548-78A608FAA8DE}"
EndProject
Project("{FAE04EC0-301F-11D3-BF4B-00C04F79EFBC}") = "Dock.Model", "Dependencies\Gekimini.Avalonia\Dependencies\Dock\src\Dock.Model\Dock.Model.csproj", "{4801FA2D-BA6F-4220-9A26-F52A00A74269}"
EndProject
Project("{FAE04EC0-301F-11D3-BF4B-00C04F79EFBC}") = "Dock.Settings", "Dependencies\Gekimini.Avalonia\Dependencies\Dock\src\Dock.Settings\Dock.Settings.csproj", "{A3D55CE1-6709-4953-989E-CC2E8D04093E}"
EndProject
Project("{FAE04EC0-301F-11D3-BF4B-00C04F79EFBC}") = "Dock.Avalonia.Themes.Fluent", "Dependencies\Gekimini.Avalonia\Dependencies\Dock\src\Dock.Avalonia.Themes.Fluent\Dock.Avalonia.Themes.Fluent.csproj", "{CDFB9BC3-B571-44DA-9BFE-6F3F8C024155}"
EndProject
Project("{FAE04EC0-301F-11D3-BF4B-00C04F79EFBC}") = "Dock.Model.Mvvm", "Dependencies\Gekimini.Avalonia\Dependencies\Dock\src\Dock.Model.Mvvm\Dock.Model.Mvvm.csproj", "{818965EB-00F0-41D0-979D-D837C7CCADF5}"
EndProject
Project("{2150E333-8FDC-42A3-9474-1A3956D46DE8}") = "Injectio", "Injectio", "{D1A5B9C6-C31C-EAE8-F9A1-D7D59EC718D1}"
EndProject
Project("{FAE04EC0-301F-11D3-BF4B-00C04F79EFBC}") = "Injectio.Attributes", "Dependencies\Gekimini.Avalonia\Dependencies\Injectio\src\Injectio.Attributes\Injectio.Attributes.csproj", "{6DC0A523-1C6F-44CA-BA51-CE7636F05FAD}"
EndProject
Project("{FAE04EC0-301F-11D3-BF4B-00C04F79EFBC}") = "Injectio.Generators", "Dependencies\Gekimini.Avalonia\Dependencies\Injectio\src\Injectio.Generators\Injectio.Generators.csproj", "{2A2F84D3-EE3A-4C80-A0FB-3A565C8AF40E}"
EndProject
Project("{FAE04EC0-301F-11D3-BF4B-00C04F79EFBC}") = "OngekiFumenEditor.Avalonia", "src\OngekiFumenEditor.Avalonia\OngekiFumenEditor.Avalonia.csproj", "{AC2FBA2A-BF4C-41A8-AFF6-0FC6CACCEBA3}"
EndProject
Project("{2150E333-8FDC-42A3-9474-1A3956D46DE8}") = "SimpleTypedLocalizer", "SimpleTypedLocalizer", "{94ADDD1E-313E-4443-B109-AF7F8CAD9121}"
EndProject
Project("{FAE04EC0-301F-11D3-BF4B-00C04F79EFBC}") = "SimpleTypedLocalizer", "Dependencies\Gekimini.Avalonia\Dependencies\SimpleTypedLocalizer\SimpleTypedLocalizer\SimpleTypedLocalizer.csproj", "{B56233E1-FFB5-4AD1-8A0E-2BC85A6A90D7}"
EndProject
Project("{FAE04EC0-301F-11D3-BF4B-00C04F79EFBC}") = "SimpleTypedLocalizer.SourceGenerator", "Dependencies\Gekimini.Avalonia\Dependencies\SimpleTypedLocalizer\SimpleTypedLocalizer.SourceGenerator\SimpleTypedLocalizer.SourceGenerator\SimpleTypedLocalizer.SourceGenerator.csproj", "{2E5C425F-3A98-4642-A2A1-EB724027D841}"
EndProject
Project("{FAE04EC0-301F-11D3-BF4B-00C04F79EFBC}") = "OngekiFumenEditor.Avalonia.Browser", "src\OngekiFumenEditor.Avalonia.Browser\OngekiFumenEditor.Avalonia.Browser.csproj", "{2D028E35-69C5-425B-A793-E896982F3DC2}"
EndProject
Project("{FAE04EC0-301F-11D3-BF4B-00C04F79EFBC}") = "OngekiFumenEditor.Avalonia.Desktop", "src\OngekiFumenEditor.Avalonia.Desktop\OngekiFumenEditor.Avalonia.Desktop.csproj", "{58BD77CF-0A7E-4BD3-9DE8-B6E799128D3F}"
EndProject
Global
	GlobalSection(SolutionConfigurationPlatforms) = preSolution
		Debug|Any CPU = Debug|Any CPU
		Debug|x64 = Debug|x64
		Debug|x86 = Debug|x86
		Release|Any CPU = Release|Any CPU
		Release|x64 = Release|x64
		Release|x86 = Release|x86
	EndGlobalSection
	GlobalSection(ProjectConfigurationPlatforms) = postSolution
		{2B3D81E2-9D65-4AB3-9F85-1AC9B5BED370}.Debug|Any CPU.ActiveCfg = Debug|Any CPU
		{2B3D81E2-9D65-4AB3-9F85-1AC9B5BED370}.Debug|Any CPU.Build.0 = Debug|Any CPU
		{2B3D81E2-9D65-4AB3-9F85-1AC9B5BED370}.Debug|x64.ActiveCfg = Debug|Any CPU
		{2B3D81E2-9D65-4AB3-9F85-1AC9B5BED370}.Debug|x64.Build.0 = Debug|Any CPU
		{2B3D81E2-9D65-4AB3-9F85-1AC9B5BED370}.Debug|x86.ActiveCfg = Debug|Any CPU
		{2B3D81E2-9D65-4AB3-9F85-1AC9B5BED370}.Debug|x86.Build.0 = Debug|Any CPU
		{2B3D81E2-9D65-4AB3-9F85-1AC9B5BED370}.Release|Any CPU.ActiveCfg = Release|Any CPU
		{2B3D81E2-9D65-4AB3-9F85-1AC9B5BED370}.Release|Any CPU.Build.0 = Release|Any CPU
		{2B3D81E2-9D65-4AB3-9F85-1AC9B5BED370}.Release|x64.ActiveCfg = Release|Any CPU
		{2B3D81E2-9D65-4AB3-9F85-1AC9B5BED370}.Release|x64.Build.0 = Release|Any CPU
		{2B3D81E2-9D65-4AB3-9F85-1AC9B5BED370}.Release|x86.ActiveCfg = Release|Any CPU
		{2B3D81E2-9D65-4AB3-9F85-1AC9B5BED370}.Release|x86.Build.0 = Release|Any CPU
		{B95E56AB-CAE4-47C8-BAAD-AFC4528B42EE}.Debug|Any CPU.ActiveCfg = Debug|Any CPU
		{B95E56AB-CAE4-47C8-BAAD-AFC4528B42EE}.Debug|Any CPU.Build.0 = Debug|Any CPU
		{B95E56AB-CAE4-47C8-BAAD-AFC4528B42EE}.Debug|x64.ActiveCfg = Debug|Any CPU
		{B95E56AB-CAE4-47C8-BAAD-AFC4528B42EE}.Debug|x64.Build.0 = Debug|Any CPU
		{B95E56AB-CAE4-47C8-BAAD-AFC4528B42EE}.Debug|x86.ActiveCfg = Debug|Any CPU
		{B95E56AB-CAE4-47C8-BAAD-AFC4528B42EE}.Debug|x86.Build.0 = Debug|Any CPU
		{B95E56AB-CAE4-47C8-BAAD-AFC4528B42EE}.Release|Any CPU.ActiveCfg = Release|Any CPU
		{B95E56AB-CAE4-47C8-BAAD-AFC4528B42EE}.Release|Any CPU.Build.0 = Release|Any CPU
		{B95E56AB-CAE4-47C8-BAAD-AFC4528B42EE}.Release|x64.ActiveCfg = Release|Any CPU
		{B95E56AB-CAE4-47C8-BAAD-AFC4528B42EE}.Release|x64.Build.0 = Release|Any CPU
		{B95E56AB-CAE4-47C8-BAAD-AFC4528B42EE}.Release|x86.ActiveCfg = Release|Any CPU
		{B95E56AB-CAE4-47C8-BAAD-AFC4528B42EE}.Release|x86.Build.0 = Release|Any CPU
		{B0165D49-950A-454B-BBFD-3C52620FDD75}.Debug|Any CPU.ActiveCfg = Debug|Any CPU
		{B0165D49-950A-454B-BBFD-3C52620FDD75}.Debug|Any CPU.Build.0 = Debug|Any CPU
		{B0165D49-950A-454B-BBFD-3C52620FDD75}.Debug|x64.ActiveCfg = Debug|Any CPU
		{B0165D49-950A-454B-BBFD-3C52620FDD75}.Debug|x64.Build.0 = Debug|Any CPU
		{B0165D49-950A-454B-BBFD-3C52620FDD75}.Debug|x86.ActiveCfg = Debug|Any CPU
		{B0165D49-950A-454B-BBFD-3C52620FDD75}.Debug|x86.Build.0 = Debug|Any CPU
		{B0165D49-950A-454B-BBFD-3C52620FDD75}.Release|Any CPU.ActiveCfg = Release|Any CPU
		{B0165D49-950A-454B-BBFD-3C52620FDD75}.Release|Any CPU.Build.0 = Release|Any CPU
		{B0165D49-950A-454B-BBFD-3C52620FDD75}.Release|x64.ActiveCfg = Release|Any CPU
		{B0165D49-950A-454B-BBFD-3C52620FDD75}.Release|x64.Build.0 = Release|Any CPU
		{B0165D49-950A-454B-BBFD-3C52620FDD75}.Release|x86.ActiveCfg = Release|Any CPU
		{B0165D49-950A-454B-BBFD-3C52620FDD75}.Release|x86.Build.0 = Release|Any CPU
		{BD64A90A-0EDA-4259-B3BF-9C1C6B91DC21}.Debug|Any CPU.ActiveCfg = Debug|Any CPU
		{BD64A90A-0EDA-4259-B3BF-9C1C6B91DC21}.Debug|Any CPU.Build.0 = Debug|Any CPU
		{BD64A90A-0EDA-4259-B3BF-9C1C6B91DC21}.Debug|x64.ActiveCfg = Debug|Any CPU
		{BD64A90A-0EDA-4259-B3BF-9C1C6B91DC21}.Debug|x64.Build.0 = Debug|Any CPU
		{BD64A90A-0EDA-4259-B3BF-9C1C6B91DC21}.Debug|x86.ActiveCfg = Debug|Any CPU
		{BD64A90A-0EDA-4259-B3BF-9C1C6B91DC21}.Debug|x86.Build.0 = Debug|Any CPU
		{BD64A90A-0EDA-4259-B3BF-9C1C6B91DC21}.Release|Any CPU.ActiveCfg = Release|Any CPU
		{BD64A90A-0EDA-4259-B3BF-9C1C6B91DC21}.Release|Any CPU.Build.0 = Release|Any CPU
		{BD64A90A-0EDA-4259-B3BF-9C1C6B91DC21}.Release|x64.ActiveCfg = Release|Any CPU
		{BD64A90A-0EDA-4259-B3BF-9C1C6B91DC21}.Release|x64.Build.0 = Release|Any CPU
		{BD64A90A-0EDA-4259-B3BF-9C1C6B91DC21}.Release|x86.ActiveCfg = Release|Any CPU
		{BD64A90A-0EDA-4259-B3BF-9C1C6B91DC21}.Release|x86.Build.0 = Release|Any CPU
		{7A48CE73-14A2-44AF-9AE7-41E5C31814DA}.Debug|Any CPU.ActiveCfg = Debug|Any CPU
		{7A48CE73-14A2-44AF-9AE7-41E5C31814DA}.Debug|Any CPU.Build.0 = Debug|Any CPU
		{7A48CE73-14A2-44AF-9AE7-41E5C31814DA}.Debug|x64.ActiveCfg = Debug|Any CPU
		{7A48CE73-14A2-44AF-9AE7-41E5C31814DA}.Debug|x64.Build.0 = Debug|Any CPU
		{7A48CE73-14A2-44AF-9AE7-41E5C31814DA}.Debug|x86.ActiveCfg = Debug|Any CPU
		{7A48CE73-14A2-44AF-9AE7-41E5C31814DA}.Debug|x86.Build.0 = Debug|Any CPU
		{7A48CE73-14A2-44AF-9AE7-41E5C31814DA}.Release|Any CPU.ActiveCfg = Release|Any CPU
		{7A48CE73-14A2-44AF-9AE7-41E5C31814DA}.Release|Any CPU.Build.0 = Release|Any CPU
		{7A48CE73-14A2-44AF-9AE7-41E5C31814DA}.Release|x64.ActiveCfg = Release|Any CPU
		{7A48CE73-14A2-44AF-9AE7-41E5C31814DA}.Release|x64.Build.0 = Release|Any CPU
		{7A48CE73-14A2-44AF-9AE7-41E5C31814DA}.Release|x86.ActiveCfg = Release|Any CPU
		{7A48CE73-14A2-44AF-9AE7-41E5C31814DA}.Release|x86.Build.0 = Release|Any CPU
		{A7282364-7124-41A2-B74E-C4102058709D}.Debug|Any CPU.ActiveCfg = Debug|Any CPU
		{A7282364-7124-41A2-B74E-C4102058709D}.Debug|Any CPU.Build.0 = Debug|Any CPU
		{A7282364-7124-41A2-B74E-C4102058709D}.Debug|x64.ActiveCfg = Debug|Any CPU
		{A7282364-7124-41A2-B74E-C4102058709D}.Debug|x64.Build.0 = Debug|Any CPU
		{A7282364-7124-41A2-B74E-C4102058709D}.Debug|x86.ActiveCfg = Debug|Any CPU
		{A7282364-7124-41A2-B74E-C4102058709D}.Debug|x86.Build.0 = Debug|Any CPU
		{A7282364-7124-41A2-B74E-C4102058709D}.Release|Any CPU.ActiveCfg = Release|Any CPU
		{A7282364-7124-41A2-B74E-C4102058709D}.Release|Any CPU.Build.0 = Release|Any CPU
		{A7282364-7124-41A2-B74E-C4102058709D}.Release|x64.ActiveCfg = Release|Any CPU
		{A7282364-7124-41A2-B74E-C4102058709D}.Release|x64.Build.0 = Release|Any CPU
		{A7282364-7124-41A2-B74E-C4102058709D}.Release|x86.ActiveCfg = Release|Any CPU
		{A7282364-7124-41A2-B74E-C4102058709D}.Release|x86.Build.0 = Release|Any CPU
		{387E932E-76B4-449B-9A85-954CE5B91954}.Debug|Any CPU.ActiveCfg = Debug|Any CPU
		{387E932E-76B4-449B-9A85-954CE5B91954}.Debug|Any CPU.Build.0 = Debug|Any CPU
		{387E932E-76B4-449B-9A85-954CE5B91954}.Debug|x64.ActiveCfg = Debug|Any CPU
		{387E932E-76B4-449B-9A85-954CE5B91954}.Debug|x64.Build.0 = Debug|Any CPU
		{387E932E-76B4-449B-9A85-954CE5B91954}.Debug|x86.ActiveCfg = Debug|Any CPU
		{387E932E-76B4-449B-9A85-954CE5B91954}.Debug|x86.Build.0 = Debug|Any CPU
		{387E932E-76B4-449B-9A85-954CE5B91954}.Release|Any CPU.ActiveCfg = Release|Any CPU
		{387E932E-76B4-449B-9A85-954CE5B91954}.Release|Any CPU.Build.0 = Release|Any CPU
		{387E932E-76B4-449B-9A85-954CE5B91954}.Release|x64.ActiveCfg = Release|Any CPU
		{387E932E-76B4-449B-9A85-954CE5B91954}.Release|x64.Build.0 = Release|Any CPU
		{387E932E-76B4-449B-9A85-954CE5B91954}.Release|x86.ActiveCfg = Release|Any CPU
		{387E932E-76B4-449B-9A85-954CE5B91954}.Release|x86.Build.0 = Release|Any CPU
		{CAEEB0B4-7F08-4E69-A49D-0FBD73863BDF}.Debug|Any CPU.ActiveCfg = Debug|Any CPU
		{CAEEB0B4-7F08-4E69-A49D-0FBD73863BDF}.Debug|Any CPU.Build.0 = Debug|Any CPU
		{CAEEB0B4-7F08-4E69-A49D-0FBD73863BDF}.Debug|x64.ActiveCfg = Debug|Any CPU
		{CAEEB0B4-7F08-4E69-A49D-0FBD73863BDF}.Debug|x64.Build.0 = Debug|Any CPU
		{CAEEB0B4-7F08-4E69-A49D-0FBD73863BDF}.Debug|x86.ActiveCfg = Debug|Any CPU
		{CAEEB0B4-7F08-4E69-A49D-0FBD73863BDF}.Debug|x86.Build.0 = Debug|Any CPU
		{CAEEB0B4-7F08-4E69-A49D-0FBD73863BDF}.Release|Any CPU.ActiveCfg = Release|Any CPU
		{CAEEB0B4-7F08-4E69-A49D-0FBD73863BDF}.Release|Any CPU.Build.0 = Release|Any CPU
		{CAEEB0B4-7F08-4E69-A49D-0FBD73863BDF}.Release|x64.ActiveCfg = Release|Any CPU
		{CAEEB0B4-7F08-4E69-A49D-0FBD73863BDF}.Release|x64.Build.0 = Release|Any CPU
		{CAEEB0B4-7F08-4E69-A49D-0FBD73863BDF}.Release|x86.ActiveCfg = Release|Any CPU
		{CAEEB0B4-7F08-4E69-A49D-0FBD73863BDF}.Release|x86.Build.0 = Release|Any CPU
		{86526B01-470B-454D-AA18-4382D0CAB19F}.Debug|Any CPU.ActiveCfg = Debug|Any CPU
		{86526B01-470B-454D-AA18-4382D0CAB19F}.Debug|Any CPU.Build.0 = Debug|Any CPU
		{86526B01-470B-454D-AA18-4382D0CAB19F}.Debug|x64.ActiveCfg = Debug|Any CPU
		{86526B01-470B-454D-AA18-4382D0CAB19F}.Debug|x64.Build.0 = Debug|Any CPU
		{86526B01-470B-454D-AA18-4382D0CAB19F}.Debug|x86.ActiveCfg = Debug|Any CPU
		{86526B01-470B-454D-AA18-4382D0CAB19F}.Debug|x86.Build.0 = Debug|Any CPU
		{86526B01-470B-454D-AA18-4382D0CAB19F}.Release|Any CPU.ActiveCfg = Release|Any CPU
		{86526B01-470B-454D-AA18-4382D0CAB19F}.Release|Any CPU.Build.0 = Release|Any CPU
		{86526B01-470B-454D-AA18-4382D0CAB19F}.Release|x64.ActiveCfg = Release|Any CPU
		{86526B01-470B-454D-AA18-4382D0CAB19F}.Release|x64.Build.0 = Release|Any CPU
		{86526B01-470B-454D-AA18-4382D0CAB19F}.Release|x86.ActiveCfg = Release|Any CPU
		{86526B01-470B-454D-AA18-4382D0CAB19F}.Release|x86.Build.0 = Release|Any CPU
		{C23773B6-97B9-49AA-B548-78A608FAA8DE}.Debug|Any CPU.ActiveCfg = Debug|Any CPU
		{C23773B6-97B9-49AA-B548-78A608FAA8DE}.Debug|Any CPU.Build.0 = Debug|Any CPU
		{C23773B6-97B9-49AA-B548-78A608FAA8DE}.Debug|x64.ActiveCfg = Debug|Any CPU
		{C23773B6-97B9-49AA-B548-78A608FAA8DE}.Debug|x64.Build.0 = Debug|Any CPU
		{C23773B6-97B9-49AA-B548-78A608FAA8DE}.Debug|x86.ActiveCfg = Debug|Any CPU
		{C23773B6-97B9-49AA-B548-78A608FAA8DE}.Debug|x86.Build.0 = Debug|Any CPU
		{C23773B6-97B9-49AA-B548-78A608FAA8DE}.Release|Any CPU.ActiveCfg = Release|Any CPU
		{C23773B6-97B9-49AA-B548-78A608FAA8DE}.Release|Any CPU.Build.0 = Release|Any CPU
		{C23773B6-97B9-49AA-B548-78A608FAA8DE}.Release|x64.ActiveCfg = Release|Any CPU
		{C23773B6-97B9-49AA-B548-78A608FAA8DE}.Release|x64.Build.0 = Release|Any CPU
		{C23773B6-97B9-49AA-B548-78A608FAA8DE}.Release|x86.ActiveCfg = Release|Any CPU
		{C23773B6-97B9-49AA-B548-78A608FAA8DE}.Release|x86.Build.0 = Release|Any CPU
		{4801FA2D-BA6F-4220-9A26-F52A00A74269}.Debug|Any CPU.ActiveCfg = Debug|Any CPU
		{4801FA2D-BA6F-4220-9A26-F52A00A74269}.Debug|Any CPU.Build.0 = Debug|Any CPU
		{4801FA2D-BA6F-4220-9A26-F52A00A74269}.Debug|x64.ActiveCfg = Debug|Any CPU
		{4801FA2D-BA6F-4220-9A26-F52A00A74269}.Debug|x64.Build.0 = Debug|Any CPU
		{4801FA2D-BA6F-4220-9A26-F52A00A74269}.Debug|x86.ActiveCfg = Debug|Any CPU
		{4801FA2D-BA6F-4220-9A26-F52A00A74269}.Debug|x86.Build.0 = Debug|Any CPU
		{4801FA2D-BA6F-4220-9A26-F52A00A74269}.Release|Any CPU.ActiveCfg = Release|Any CPU
		{4801FA2D-BA6F-4220-9A26-F52A00A74269}.Release|Any CPU.Build.0 = Release|Any CPU
		{4801FA2D-BA6F-4220-9A26-F52A00A74269}.Release|x64.ActiveCfg = Release|Any CPU
		{4801FA2D-BA6F-4220-9A26-F52A00A74269}.Release|x64.Build.0 = Release|Any CPU
		{4801FA2D-BA6F-4220-9A26-F52A00A74269}.Release|x86.ActiveCfg = Release|Any CPU
		{4801FA2D-BA6F-4220-9A26-F52A00A74269}.Release|x86.Build.0 = Release|Any CPU
		{A3D55CE1-6709-4953-989E-CC2E8D04093E}.Debug|Any CPU.ActiveCfg = Debug|Any CPU
		{A3D55CE1-6709-4953-989E-CC2E8D04093E}.Debug|Any CPU.Build.0 = Debug|Any CPU
		{A3D55CE1-6709-4953-989E-CC2E8D04093E}.Debug|x64.ActiveCfg = Debug|Any CPU
		{A3D55CE1-6709-4953-989E-CC2E8D04093E}.Debug|x64.Build.0 = Debug|Any CPU
		{A3D55CE1-6709-4953-989E-CC2E8D04093E}.Debug|x86.ActiveCfg = Debug|Any CPU
		{A3D55CE1-6709-4953-989E-CC2E8D04093E}.Debug|x86.Build.0 = Debug|Any CPU
		{A3D55CE1-6709-4953-989E-CC2E8D04093E}.Release|Any CPU.ActiveCfg = Release|Any CPU
		{A3D55CE1-6709-4953-989E-CC2E8D04093E}.Release|Any CPU.Build.0 = Release|Any CPU
		{A3D55CE1-6709-4953-989E-CC2E8D04093E}.Release|x64.ActiveCfg = Release|Any CPU
		{A3D55CE1-6709-4953-989E-CC2E8D04093E}.Release|x64.Build.0 = Release|Any CPU
		{A3D55CE1-6709-4953-989E-CC2E8D04093E}.Release|x86.ActiveCfg = Release|Any CPU
		{A3D55CE1-6709-4953-989E-CC2E8D04093E}.Release|x86.Build.0 = Release|Any CPU
		{CDFB9BC3-B571-44DA-9BFE-6F3F8C024155}.Debug|Any CPU.ActiveCfg = Debug|Any CPU
		{CDFB9BC3-B571-44DA-9BFE-6F3F8C024155}.Debug|Any CPU.Build.0 = Debug|Any CPU
		{CDFB9BC3-B571-44DA-9BFE-6F3F8C024155}.Debug|x64.ActiveCfg = Debug|Any CPU
		{CDFB9BC3-B571-44DA-9BFE-6F3F8C024155}.Debug|x64.Build.0 = Debug|Any CPU
		{CDFB9BC3-B571-44DA-9BFE-6F3F8C024155}.Debug|x86.ActiveCfg = Debug|Any CPU
		{CDFB9BC3-B571-44DA-9BFE-6F3F8C024155}.Debug|x86.Build.0 = Debug|Any CPU
		{CDFB9BC3-B571-44DA-9BFE-6F3F8C024155}.Release|Any CPU.ActiveCfg = Release|Any CPU
		{CDFB9BC3-B571-44DA-9BFE-6F3F8C024155}.Release|Any CPU.Build.0 = Release|Any CPU
		{CDFB9BC3-B571-44DA-9BFE-6F3F8C024155}.Release|x64.ActiveCfg = Release|Any CPU
		{CDFB9BC3-B571-44DA-9BFE-6F3F8C024155}.Release|x64.Build.0 = Release|Any CPU
		{CDFB9BC3-B571-44DA-9BFE-6F3F8C024155}.Release|x86.ActiveCfg = Release|Any CPU
		{CDFB9BC3-B571-44DA-9BFE-6F3F8C024155}.Release|x86.Build.0 = Release|Any CPU
		{818965EB-00F0-41D0-979D-D837C7CCADF5}.Debug|Any CPU.ActiveCfg = Debug|Any CPU
		{818965EB-00F0-41D0-979D-D837C7CCADF5}.Debug|Any CPU.Build.0 = Debug|Any CPU
		{818965EB-00F0-41D0-979D-D837C7CCADF5}.Debug|x64.ActiveCfg = Debug|Any CPU
		{818965EB-00F0-41D0-979D-D837C7CCADF5}.Debug|x64.Build.0 = Debug|Any CPU
		{818965EB-00F0-41D0-979D-D837C7CCADF5}.Debug|x86.ActiveCfg = Debug|Any CPU
		{818965EB-00F0-41D0-979D-D837C7CCADF5}.Debug|x86.Build.0 = Debug|Any CPU
		{818965EB-00F0-41D0-979D-D837C7CCADF5}.Release|Any CPU.ActiveCfg = Release|Any CPU
		{818965EB-00F0-41D0-979D-D837C7CCADF5}.Release|Any CPU.Build.0 = Release|Any CPU
		{818965EB-00F0-41D0-979D-D837C7CCADF5}.Release|x64.ActiveCfg = Release|Any CPU
		{818965EB-00F0-41D0-979D-D837C7CCADF5}.Release|x64.Build.0 = Release|Any CPU
		{818965EB-00F0-41D0-979D-D837C7CCADF5}.Release|x86.ActiveCfg = Release|Any CPU
		{818965EB-00F0-41D0-979D-D837C7CCADF5}.Release|x86.Build.0 = Release|Any CPU
		{6DC0A523-1C6F-44CA-BA51-CE7636F05FAD}.Debug|Any CPU.ActiveCfg = Debug|Any CPU
		{6DC0A523-1C6F-44CA-BA51-CE7636F05FAD}.Debug|Any CPU.Build.0 = Debug|Any CPU
		{6DC0A523-1C6F-44CA-BA51-CE7636F05FAD}.Debug|x64.ActiveCfg = Debug|Any CPU
		{6DC0A523-1C6F-44CA-BA51-CE7636F05FAD}.Debug|x64.Build.0 = Debug|Any CPU
		{6DC0A523-1C6F-44CA-BA51-CE7636F05FAD}.Debug|x86.ActiveCfg = Debug|Any CPU
		{6DC0A523-1C6F-44CA-BA51-CE7636F05FAD}.Debug|x86.Build.0 = Debug|Any CPU
		{6DC0A523-1C6F-44CA-BA51-CE7636F05FAD}.Release|Any CPU.ActiveCfg = Release|Any CPU
		{6DC0A523-1C6F-44CA-BA51-CE7636F05FAD}.Release|Any CPU.Build.0 = Release|Any CPU
		{6DC0A523-1C6F-44CA-BA51-CE7636F05FAD}.Release|x64.ActiveCfg = Release|Any CPU
		{6DC0A523-1C6F-44CA-BA51-CE7636F05FAD}.Release|x64.Build.0 = Release|Any CPU
		{6DC0A523-1C6F-44CA-BA51-CE7636F05FAD}.Release|x86.ActiveCfg = Release|Any CPU
		{6DC0A523-1C6F-44CA-BA51-CE7636F05FAD}.Release|x86.Build.0 = Release|Any CPU
		{2A2F84D3-EE3A-4C80-A0FB-3A565C8AF40E}.Debug|Any CPU.ActiveCfg = Debug|Any CPU
		{2A2F84D3-EE3A-4C80-A0FB-3A565C8AF40E}.Debug|Any CPU.Build.0 = Debug|Any CPU
		{2A2F84D3-EE3A-4C80-A0FB-3A565C8AF40E}.Debug|x64.ActiveCfg = Debug|Any CPU
		{2A2F84D3-EE3A-4C80-A0FB-3A565C8AF40E}.Debug|x64.Build.0 = Debug|Any CPU
		{2A2F84D3-EE3A-4C80-A0FB-3A565C8AF40E}.Debug|x86.ActiveCfg = Debug|Any CPU
		{2A2F84D3-EE3A-4C80-A0FB-3A565C8AF40E}.Debug|x86.Build.0 = Debug|Any CPU
		{2A2F84D3-EE3A-4C80-A0FB-3A565C8AF40E}.Release|Any CPU.ActiveCfg = Release|Any CPU
		{2A2F84D3-EE3A-4C80-A0FB-3A565C8AF40E}.Release|Any CPU.Build.0 = Release|Any CPU
		{2A2F84D3-EE3A-4C80-A0FB-3A565C8AF40E}.Release|x64.ActiveCfg = Release|Any CPU
		{2A2F84D3-EE3A-4C80-A0FB-3A565C8AF40E}.Release|x64.Build.0 = Release|Any CPU
		{2A2F84D3-EE3A-4C80-A0FB-3A565C8AF40E}.Release|x86.ActiveCfg = Release|Any CPU
		{2A2F84D3-EE3A-4C80-A0FB-3A565C8AF40E}.Release|x86.Build.0 = Release|Any CPU
		{AC2FBA2A-BF4C-41A8-AFF6-0FC6CACCEBA3}.Debug|Any CPU.ActiveCfg = Debug|Any CPU
		{AC2FBA2A-BF4C-41A8-AFF6-0FC6CACCEBA3}.Debug|Any CPU.Build.0 = Debug|Any CPU
		{AC2FBA2A-BF4C-41A8-AFF6-0FC6CACCEBA3}.Debug|x64.ActiveCfg = Debug|Any CPU
		{AC2FBA2A-BF4C-41A8-AFF6-0FC6CACCEBA3}.Debug|x64.Build.0 = Debug|Any CPU
		{AC2FBA2A-BF4C-41A8-AFF6-0FC6CACCEBA3}.Debug|x86.ActiveCfg = Debug|Any CPU
		{AC2FBA2A-BF4C-41A8-AFF6-0FC6CACCEBA3}.Debug|x86.Build.0 = Debug|Any CPU
		{AC2FBA2A-BF4C-41A8-AFF6-0FC6CACCEBA3}.Release|Any CPU.ActiveCfg = Release|Any CPU
		{AC2FBA2A-BF4C-41A8-AFF6-0FC6CACCEBA3}.Release|Any CPU.Build.0 = Release|Any CPU
		{AC2FBA2A-BF4C-41A8-AFF6-0FC6CACCEBA3}.Release|x64.ActiveCfg = Release|Any CPU
		{AC2FBA2A-BF4C-41A8-AFF6-0FC6CACCEBA3}.Release|x64.Build.0 = Release|Any CPU
		{AC2FBA2A-BF4C-41A8-AFF6-0FC6CACCEBA3}.Release|x86.ActiveCfg = Release|Any CPU
		{AC2FBA2A-BF4C-41A8-AFF6-0FC6CACCEBA3}.Release|x86.Build.0 = Release|Any CPU
		{B56233E1-FFB5-4AD1-8A0E-2BC85A6A90D7}.Debug|Any CPU.ActiveCfg = Debug|Any CPU
		{B56233E1-FFB5-4AD1-8A0E-2BC85A6A90D7}.Debug|Any CPU.Build.0 = Debug|Any CPU
		{B56233E1-FFB5-4AD1-8A0E-2BC85A6A90D7}.Debug|x64.ActiveCfg = Debug|Any CPU
		{B56233E1-FFB5-4AD1-8A0E-2BC85A6A90D7}.Debug|x64.Build.0 = Debug|Any CPU
		{B56233E1-FFB5-4AD1-8A0E-2BC85A6A90D7}.Debug|x86.ActiveCfg = Debug|Any CPU
		{B56233E1-FFB5-4AD1-8A0E-2BC85A6A90D7}.Debug|x86.Build.0 = Debug|Any CPU
		{B56233E1-FFB5-4AD1-8A0E-2BC85A6A90D7}.Release|Any CPU.ActiveCfg = Release|Any CPU
		{B56233E1-FFB5-4AD1-8A0E-2BC85A6A90D7}.Release|Any CPU.Build.0 = Release|Any CPU
		{B56233E1-FFB5-4AD1-8A0E-2BC85A6A90D7}.Release|x64.ActiveCfg = Release|Any CPU
		{B56233E1-FFB5-4AD1-8A0E-2BC85A6A90D7}.Release|x64.Build.0 = Release|Any CPU
		{B56233E1-FFB5-4AD1-8A0E-2BC85A6A90D7}.Release|x86.ActiveCfg = Release|Any CPU
		{B56233E1-FFB5-4AD1-8A0E-2BC85A6A90D7}.Release|x86.Build.0 = Release|Any CPU
		{2E5C425F-3A98-4642-A2A1-EB724027D841}.Debug|Any CPU.ActiveCfg = Debug|Any CPU
		{2E5C425F-3A98-4642-A2A1-EB724027D841}.Debug|Any CPU.Build.0 = Debug|Any CPU
		{2E5C425F-3A98-4642-A2A1-EB724027D841}.Debug|x64.ActiveCfg = Debug|Any CPU
		{2E5C425F-3A98-4642-A2A1-EB724027D841}.Debug|x64.Build.0 = Debug|Any CPU
		{2E5C425F-3A98-4642-A2A1-EB724027D841}.Debug|x86.ActiveCfg = Debug|Any CPU
		{2E5C425F-3A98-4642-A2A1-EB724027D841}.Debug|x86.Build.0 = Debug|Any CPU
		{2E5C425F-3A98-4642-A2A1-EB724027D841}.Release|Any CPU.ActiveCfg = Release|Any CPU
		{2E5C425F-3A98-4642-A2A1-EB724027D841}.Release|Any CPU.Build.0 = Release|Any CPU
		{2E5C425F-3A98-4642-A2A1-EB724027D841}.Release|x64.ActiveCfg = Release|Any CPU
		{2E5C425F-3A98-4642-A2A1-EB724027D841}.Release|x64.Build.0 = Release|Any CPU
		{2E5C425F-3A98-4642-A2A1-EB724027D841}.Release|x86.ActiveCfg = Release|Any CPU
		{2E5C425F-3A98-4642-A2A1-EB724027D841}.Release|x86.Build.0 = Release|Any CPU
		{2D028E35-69C5-425B-A793-E896982F3DC2}.Debug|Any CPU.ActiveCfg = Debug|Any CPU
		{2D028E35-69C5-425B-A793-E896982F3DC2}.Debug|Any CPU.Build.0 = Debug|Any CPU
		{2D028E35-69C5-425B-A793-E896982F3DC2}.Debug|x64.ActiveCfg = Debug|Any CPU
		{2D028E35-69C5-425B-A793-E896982F3DC2}.Debug|x64.Build.0 = Debug|Any CPU
		{2D028E35-69C5-425B-A793-E896982F3DC2}.Debug|x86.ActiveCfg = Debug|Any CPU
		{2D028E35-69C5-425B-A793-E896982F3DC2}.Debug|x86.Build.0 = Debug|Any CPU
		{2D028E35-69C5-425B-A793-E896982F3DC2}.Release|Any CPU.ActiveCfg = Release|Any CPU
		{2D028E35-69C5-425B-A793-E896982F3DC2}.Release|Any CPU.Build.0 = Release|Any CPU
		{2D028E35-69C5-425B-A793-E896982F3DC2}.Release|x64.ActiveCfg = Release|Any CPU
		{2D028E35-69C5-425B-A793-E896982F3DC2}.Release|x64.Build.0 = Release|Any CPU
		{2D028E35-69C5-425B-A793-E896982F3DC2}.Release|x86.ActiveCfg = Release|Any CPU
		{2D028E35-69C5-425B-A793-E896982F3DC2}.Release|x86.Build.0 = Release|Any CPU
		{58BD77CF-0A7E-4BD3-9DE8-B6E799128D3F}.Debug|Any CPU.ActiveCfg = Debug|Any CPU
		{58BD77CF-0A7E-4BD3-9DE8-B6E799128D3F}.Debug|Any CPU.Build.0 = Debug|Any CPU
		{58BD77CF-0A7E-4BD3-9DE8-B6E799128D3F}.Debug|x64.ActiveCfg = Debug|Any CPU
		{58BD77CF-0A7E-4BD3-9DE8-B6E799128D3F}.Debug|x64.Build.0 = Debug|Any CPU
		{58BD77CF-0A7E-4BD3-9DE8-B6E799128D3F}.Debug|x86.ActiveCfg = Debug|Any CPU
		{58BD77CF-0A7E-4BD3-9DE8-B6E799128D3F}.Debug|x86.Build.0 = Debug|Any CPU
		{58BD77CF-0A7E-4BD3-9DE8-B6E799128D3F}.Release|Any CPU.ActiveCfg = Release|Any CPU
		{58BD77CF-0A7E-4BD3-9DE8-B6E799128D3F}.Release|Any CPU.Build.0 = Release|Any CPU
		{58BD77CF-0A7E-4BD3-9DE8-B6E799128D3F}.Release|x64.ActiveCfg = Release|Any CPU
		{58BD77CF-0A7E-4BD3-9DE8-B6E799128D3F}.Release|x64.Build.0 = Release|Any CPU
		{58BD77CF-0A7E-4BD3-9DE8-B6E799128D3F}.Release|x86.ActiveCfg = Release|Any CPU
		{58BD77CF-0A7E-4BD3-9DE8-B6E799128D3F}.Release|x86.Build.0 = Release|Any CPU
	EndGlobalSection
	GlobalSection(SolutionProperties) = preSolution
		HideSolutionNode = FALSE
	EndGlobalSection
	GlobalSection(NestedProjects) = preSolution
		{06DA4F5D-E1E2-E723-E485-3371C7318372} = {609F40C5-C560-40E6-76C7-691311A42DF0}
		{4B186064-F0D7-092B-4F67-A32B0297B8F6} = {609F40C5-C560-40E6-76C7-691311A42DF0}
		{2B3D81E2-9D65-4AB3-9F85-1AC9B5BED370} = {4B186064-F0D7-092B-4F67-A32B0297B8F6}
		{B95E56AB-CAE4-47C8-BAAD-AFC4528B42EE} = {06DA4F5D-E1E2-E723-E485-3371C7318372}
		{B0165D49-950A-454B-BBFD-3C52620FDD75} = {06DA4F5D-E1E2-E723-E485-3371C7318372}
		{BD64A90A-0EDA-4259-B3BF-9C1C6B91DC21} = {06DA4F5D-E1E2-E723-E485-3371C7318372}
		{88B176E0-4CEE-E25A-90A9-A7DA7915E590} = {609F40C5-C560-40E6-76C7-691311A42DF0}
		{7A48CE73-14A2-44AF-9AE7-41E5C31814DA} = {88B176E0-4CEE-E25A-90A9-A7DA7915E590}
		{A7282364-7124-41A2-B74E-C4102058709D} = {88B176E0-4CEE-E25A-90A9-A7DA7915E590}
		{387E932E-76B4-449B-9A85-954CE5B91954} = {88B176E0-4CEE-E25A-90A9-A7DA7915E590}
		{CAEEB0B4-7F08-4E69-A49D-0FBD73863BDF} = {88B176E0-4CEE-E25A-90A9-A7DA7915E590}
		{86526B01-470B-454D-AA18-4382D0CAB19F} = {88B176E0-4CEE-E25A-90A9-A7DA7915E590}
		{C23773B6-97B9-49AA-B548-78A608FAA8DE} = {88B176E0-4CEE-E25A-90A9-A7DA7915E590}
		{4801FA2D-BA6F-4220-9A26-F52A00A74269} = {88B176E0-4CEE-E25A-90A9-A7DA7915E590}
		{A3D55CE1-6709-4953-989E-CC2E8D04093E} = {88B176E0-4CEE-E25A-90A9-A7DA7915E590}
		{CDFB9BC3-B571-44DA-9BFE-6F3F8C024155} = {88B176E0-4CEE-E25A-90A9-A7DA7915E590}
		{818965EB-00F0-41D0-979D-D837C7CCADF5} = {88B176E0-4CEE-E25A-90A9-A7DA7915E590}
		{D1A5B9C6-C31C-EAE8-F9A1-D7D59EC718D1} = {609F40C5-C560-40E6-76C7-691311A42DF0}
		{6DC0A523-1C6F-44CA-BA51-CE7636F05FAD} = {D1A5B9C6-C31C-EAE8-F9A1-D7D59EC718D1}
		{2A2F84D3-EE3A-4C80-A0FB-3A565C8AF40E} = {D1A5B9C6-C31C-EAE8-F9A1-D7D59EC718D1}
		{94ADDD1E-313E-4443-B109-AF7F8CAD9121} = {609F40C5-C560-40E6-76C7-691311A42DF0}
		{B56233E1-FFB5-4AD1-8A0E-2BC85A6A90D7} = {94ADDD1E-313E-4443-B109-AF7F8CAD9121}
		{2E5C425F-3A98-4642-A2A1-EB724027D841} = {94ADDD1E-313E-4443-B109-AF7F8CAD9121}
	EndGlobalSection
EndGlobal
